
Microsoft Visual Studio Solution File, Format Version 12.00
# Visual Studio Version 16
VisualStudioVersion = 16.0.28922.388
MinimumVisualStudioVersion = 10.0.40219.1
Project("{FAE04EC0-301F-11D3-BF4B-00C04F79EFBC}") = "Projekt1", "Projekt1.csproj", "{A611D322-AA2D-458E-816A-554EEC594DC1}"
EndProject
Global
	GlobalSection(SolutionConfigurationPlatforms) = preSolution
		Debug|Any CPU = Debug|Any CPU
		Release|Any CPU = Release|Any CPU
	EndGlobalSection
	GlobalSection(ProjectConfigurationPlatforms) = postSolution
		{A611D322-AA2D-458E-816A-554EEC594DC1}.Debug|Any CPU.ActiveCfg = Debug|Any CPU
		{A611D322-AA2D-458E-816A-554EEC594DC1}.Debug|Any CPU.Build.0 = Debug|Any CPU
		{A611D322-AA2D-458E-816A-554EEC594DC1}.Release|Any CPU.ActiveCfg = Release|Any CPU
		{A611D322-AA2D-458E-816A-554EEC594DC1}.Release|Any CPU.Build.0 = Release|Any CPU
	EndGlobalSection
	GlobalSection(SolutionProperties) = preSolution
		HideSolutionNode = FALSE
	EndGlobalSection
	GlobalSection(ExtensibilityGlobals) = postSolution
		SolutionGuid = {F18A1742-3EE7-4243-90B3-124DB5822886}
	EndGlobalSection
EndGlobal
